
Microsoft Visual Studio Solution File, Format Version 12.00
# Visual Studio 2012
Project("{FAE04EC0-301F-11D3-BF4B-00C04F79EFBC}") = "Marcello.Test", "Marcello.Test\Marcello.Test.csproj", "{7D3C1E47-EB03-4470-BD5A-15755302702F}"
EndProject
Project("{FAE04EC0-301F-11D3-BF4B-00C04F79EFBC}") = "Marcello", "Marcello\Marcello.csproj", "{1B744A1E-86BE-4415-8382-0DAFA9C2704E}"
EndProject
Global
	GlobalSection(SolutionConfigurationPlatforms) = preSolution
		Debug|Any CPU = Debug|Any CPU
		Release|Any CPU = Release|Any CPU
	EndGlobalSection
	GlobalSection(ProjectConfigurationPlatforms) = postSolution
		{1B744A1E-86BE-4415-8382-0DAFA9C2704E}.Debug|Any CPU.ActiveCfg = Debug|Any CPU
		{1B744A1E-86BE-4415-8382-0DAFA9C2704E}.Debug|Any CPU.Build.0 = Debug|Any CPU
		{7D3C1E47-EB03-4470-BD5A-15755302702F}.Debug|Any CPU.ActiveCfg = Debug|Any CPU
		{7D3C1E47-EB03-4470-BD5A-15755302702F}.Debug|Any CPU.Build.0 = Debug|Any CPU
		{7D3C1E47-EB03-4470-BD5A-15755302702F}.Release|Any CPU.ActiveCfg = Release|Any CPU
		{7D3C1E47-EB03-4470-BD5A-15755302702F}.Release|Any CPU.Build.0 = Release|Any CPU
	EndGlobalSection
	GlobalSection(MonoDevelopProperties) = preSolution
		StartupItem = Marcello\Marcello.csproj
		Policies = $0
		$0.TextStylePolicy = $1
		$1.FileWidth = 120
		$1.inheritsSet = VisualStudio
		$1.inheritsScope = text/plain
		$1.scope = text/x-csharp
		$0.CSharpFormattingPolicy = $2
		$2.AfterDelegateDeclarationParameterComma = True
		$2.inheritsSet = Mono
		$2.inheritsScope = text/x-csharp
		$2.scope = text/x-csharp
	EndGlobalSection
EndGlobal
